
Microsoft Visual Studio Solution File, Format Version 12.00
# Visual Studio Version 17
VisualStudioVersion = 17.0.31903.59
MinimumVisualStudioVersion = 10.0.40219.1
Project("{2150E333-8FDC-42A3-9474-1A3956D46DE8}") = "src", "src", "{827E0CD3-B72D-47B6-A68D-7590B98EB39B}"
EndProject
Project("{FAE04EC0-301F-11D3-BF4B-00C04F79EFBC}") = "TX_Manager.Domain", "src\TX_Manager.Domain\TX_Manager.Domain.csproj", "{F01593DF-8230-4979-82A8-63988109022A}"
EndProject
Project("{FAE04EC0-301F-11D3-BF4B-00C04F79EFBC}") = "TX_Manager.Application", "src\TX_Manager.Application\TX_Manager.Application.csproj", "{7E09FEEC-D58E-4BBF-879D-0995C554D4F3}"
EndProject
Project("{FAE04EC0-301F-11D3-BF4B-00C04F79EFBC}") = "TX_Manager.Infrastructure", "src\TX_Manager.Infrastructure\TX_Manager.Infrastructure.csproj", "{4449D0A0-DE16-4463-B8F9-BDEC29765DB3}"
EndProject
Project("{FAE04EC0-301F-11D3-BF4B-00C04F79EFBC}") = "TX_Manager.Api", "src\TX_Manager.Api\TX_Manager.Api.csproj", "{8D4039A4-421F-42AE-8E52-EF6167E940DD}"
EndProject
Project("{2150E333-8FDC-42A3-9474-1A3956D46DE8}") = "tests", "tests", "{0AB3BF05-4346-4AA6-1389-037BE0695223}"
EndProject
Project("{FAE04EC0-301F-11D3-BF4B-00C04F79EFBC}") = "TX_Manager.UnitTests", "tests\TX_Manager.UnitTests\TX_Manager.UnitTests.csproj", "{0EE483CB-EFD3-4273-B926-52D572BB1129}"
EndProject
Global
	GlobalSection(SolutionConfigurationPlatforms) = preSolution
		Debug|Any CPU = Debug|Any CPU
		Debug|x64 = Debug|x64
		Debug|x86 = Debug|x86
		Release|Any CPU = Release|Any CPU
		Release|x64 = Release|x64
		Release|x86 = Release|x86
	EndGlobalSection
	GlobalSection(ProjectConfigurationPlatforms) = postSolution
		{F01593DF-8230-4979-82A8-63988109022A}.Debug|Any CPU.ActiveCfg = Debug|Any CPU
		{F01593DF-8230-4979-82A8-63988109022A}.Debug|Any CPU.Build.0 = Debug|Any CPU
		{F01593DF-8230-4979-82A8-63988109022A}.Debug|x64.ActiveCfg = Debug|Any CPU
		{F01593DF-8230-4979-82A8-63988109022A}.Debug|x64.Build.0 = Debug|Any CPU
		{F01593DF-8230-4979-82A8-63988109022A}.Debug|x86.ActiveCfg = Debug|Any CPU
		{F01593DF-8230-4979-82A8-63988109022A}.Debug|x86.Build.0 = Debug|Any CPU
		{F01593DF-8230-4979-82A8-63988109022A}.Release|Any CPU.ActiveCfg = Release|Any CPU
		{F01593DF-8230-4979-82A8-63988109022A}.Release|Any CPU.Build.0 = Release|Any CPU
		{F01593DF-8230-4979-82A8-63988109022A}.Release|x64.ActiveCfg = Release|Any CPU
		{F01593DF-8230-4979-82A8-63988109022A}.Release|x64.Build.0 = Release|Any CPU
		{F01593DF-8230-4979-82A8-63988109022A}.Release|x86.ActiveCfg = Release|Any CPU
		{F01593DF-8230-4979-82A8-63988109022A}.Release|x86.Build.0 = Release|Any CPU
		{7E09FEEC-D58E-4BBF-879D-0995C554D4F3}.Debug|Any CPU.ActiveCfg = Debug|Any CPU
		{7E09FEEC-D58E-4BBF-879D-0995C554D4F3}.Debug|Any CPU.Build.0 = Debug|Any CPU
		{7E09FEEC-D58E-4BBF-879D-0995C554D4F3}.Debug|x64.ActiveCfg = Debug|Any CPU
		{7E09FEEC-D58E-4BBF-879D-0995C554D4F3}.Debug|x64.Build.0 = Debug|Any CPU
		{7E09FEEC-D58E-4BBF-879D-0995C554D4F3}.Debug|x86.ActiveCfg = Debug|Any CPU
		{7E09FEEC-D58E-4BBF-879D-0995C554D4F3}.Debug|x86.Build.0 = Debug|Any CPU
		{7E09FEEC-D58E-4BBF-879D-0995C554D4F3}.Release|Any CPU.ActiveCfg = Release|Any CPU
		{7E09FEEC-D58E-4BBF-879D-0995C554D4F3}.Release|Any CPU.Build.0 = Release|Any CPU
		{7E09FEEC-D58E-4BBF-879D-0995C554D4F3}.Release|x64.ActiveCfg = Release|Any CPU
		{7E09FEEC-D58E-4BBF-879D-0995C554D4F3}.Release|x64.Build.0 = Release|Any CPU
		{7E09FEEC-D58E-4BBF-879D-0995C554D4F3}.Release|x86.ActiveCfg = Release|Any CPU
		{7E09FEEC-D58E-4BBF-879D-0995C554D4F3}.Release|x86.Build.0 = Release|Any CPU
		{4449D0A0-DE16-4463-B8F9-BDEC29765DB3}.Debug|Any CPU.ActiveCfg = Debug|Any CPU
		{4449D0A0-DE16-4463-B8F9-BDEC29765DB3}.Debug|Any CPU.Build.0 = Debug|Any CPU
		{4449D0A0-DE16-4463-B8F9-BDEC29765DB3}.Debug|x64.ActiveCfg = Debug|Any CPU
		{4449D0A0-DE16-4463-B8F9-BDEC29765DB3}.Debug|x64.Build.0 = Debug|Any CPU
		{4449D0A0-DE16-4463-B8F9-BDEC29765DB3}.Debug|x86.ActiveCfg = Debug|Any CPU
		{4449D0A0-DE16-4463-B8F9-BDEC29765DB3}.Debug|x86.Build.0 = Debug|Any CPU
		{4449D0A0-DE16-4463-B8F9-BDEC29765DB3}.Release|Any CPU.ActiveCfg = Release|Any CPU
		{4449D0A0-DE16-4463-B8F9-BDEC29765DB3}.Release|Any CPU.Build.0 = Release|Any CPU
		{4449D0A0-DE16-4463-B8F9-BDEC29765DB3}.Release|x64.ActiveCfg = Release|Any CPU
		{4449D0A0-DE16-4463-B8F9-BDEC29765DB3}.Release|x64.Build.0 = Release|Any CPU
		{4449D0A0-DE16-4463-B8F9-BDEC29765DB3}.Release|x86.ActiveCfg = Release|Any CPU
		{4449D0A0-DE16-4463-B8F9-BDEC29765DB3}.Release|x86.Build.0 = Release|Any CPU
		{8D4039A4-421F-42AE-8E52-EF6167E940DD}.Debug|Any CPU.ActiveCfg = Debug|Any CPU
		{8D4039A4-421F-42AE-8E52-EF6167E940DD}.Debug|Any CPU.Build.0 = Debug|Any CPU
		{8D4039A4-421F-42AE-8E52-EF6167E940DD}.Debug|x64.ActiveCfg = Debug|Any CPU
		{8D4039A4-421F-42AE-8E52-EF6167E940DD}.Debug|x64.Build.0 = Debug|Any CPU
		{8D4039A4-421F-42AE-8E52-EF6167E940DD}.Debug|x86.ActiveCfg = Debug|Any CPU
		{8D4039A4-421F-42AE-8E52-EF6167E940DD}.Debug|x86.Build.0 = Debug|Any CPU
		{8D4039A4-421F-42AE-8E52-EF6167E940DD}.Release|Any CPU.ActiveCfg = Release|Any CPU
		{8D4039A4-421F-42AE-8E52-EF6167E940DD}.Release|Any CPU.Build.0 = Release|Any CPU
		{8D4039A4-421F-42AE-8E52-EF6167E940DD}.Release|x64.ActiveCfg = Release|Any CPU
		{8D4039A4-421F-42AE-8E52-EF6167E940DD}.Release|x64.Build.0 = Release|Any CPU
		{8D4039A4-421F-42AE-8E52-EF6167E940DD}.Release|x86.ActiveCfg = Release|Any CPU
		{8D4039A4-421F-42AE-8E52-EF6167E940DD}.Release|x86.Build.0 = Release|Any CPU
		{0EE483CB-EFD3-4273-B926-52D572BB1129}.Debug|Any CPU.ActiveCfg = Debug|Any CPU
		{0EE483CB-EFD3-4273-B926-52D572BB1129}.Debug|Any CPU.Build.0 = Debug|Any CPU
		{0EE483CB-EFD3-4273-B926-52D572BB1129}.Debug|x64.ActiveCfg = Debug|Any CPU
		{0EE483CB-EFD3-4273-B926-52D572BB1129}.Debug|x64.Build.0 = Debug|Any CPU
		{0EE483CB-EFD3-4273-B926-52D572BB1129}.Debug|x86.ActiveCfg = Debug|Any CPU
		{0EE483CB-EFD3-4273-B926-52D572BB1129}.Debug|x86.Build.0 = Debug|Any CPU
		{0EE483CB-EFD3-4273-B926-52D572BB1129}.Release|Any CPU.ActiveCfg = Release|Any CPU
		{0EE483CB-EFD3-4273-B926-52D572BB1129}.Release|Any CPU.Build.0 = Release|Any CPU
		{0EE483CB-EFD3-4273-B926-52D572BB1129}.Release|x64.ActiveCfg = Release|Any CPU
		{0EE483CB-EFD3-4273-B926-52D572BB1129}.Release|x64.Build.0 = Release|Any CPU
		{0EE483CB-EFD3-4273-B926-52D572BB1129}.Release|x86.ActiveCfg = Release|Any CPU
		{0EE483CB-EFD3-4273-B926-52D572BB1129}.Release|x86.Build.0 = Release|Any CPU
	EndGlobalSection
	GlobalSection(SolutionProperties) = preSolution
		HideSolutionNode = FALSE
	EndGlobalSection
	GlobalSection(NestedProjects) = preSolution
		{F01593DF-8230-4979-82A8-63988109022A} = {827E0CD3-B72D-47B6-A68D-7590B98EB39B}
		{7E09FEEC-D58E-4BBF-879D-0995C554D4F3} = {827E0CD3-B72D-47B6-A68D-7590B98EB39B}
		{4449D0A0-DE16-4463-B8F9-BDEC29765DB3} = {827E0CD3-B72D-47B6-A68D-7590B98EB39B}
		{8D4039A4-421F-42AE-8E52-EF6167E940DD} = {827E0CD3-B72D-47B6-A68D-7590B98EB39B}
		{0EE483CB-EFD3-4273-B926-52D572BB1129} = {0AB3BF05-4346-4AA6-1389-037BE0695223}
	EndGlobalSection
EndGlobal
